{
 "name": "garden_blog",
 "version": "0.1.0",
 "lockfileVersion": 2,
 "requires": true,
 "packages": {
  "": {
   "version": "0.1.0",
   "dependencies": {
    "spotlight.js": "^0.7.8"
   }
  },
  "node_modules/spotlight.js": {
   "version": "0.7.8",
   "resolved": "https://registry.npmjs.org/spotlight.js/-/spotlight.js-0.7.8.tgz",
   "integrity": "sha512-zq822gqhjaMHt31oZi4do211NwqBcxZ4u7Xtb+OEsbLrz37dcELhBCoQXFu/0sTiomqD6tm5g6tmqvE7S6h4ng=="
  }
 },
 "dependencies": {
  "spotlight.js": {
   "version": "0.7.8",
   "resolved": "https://registry.npmjs.org/spotlight.js/-/spotlight.js-0.7.8.tgz",
   "integrity": "sha512-zq822gqhjaMHt31oZi4do211NwqBcxZ4u7Xtb+OEsbLrz37dcELhBCoQXFu/0sTiomqD6tm5g6tmqvE7S6h4ng=="
  }
 }
}
